{
  "originHash" : "9cb9661cbc9a56ffd028dfc97671e4784efc549dcf098809dcdd6f469ef1f5c8",
  "pins" : [
    {
      "identity" : "swiftui-flow",
      "kind" : "remoteSourceControl",
      "location" : "https://github.com/tevelee/SwiftUI-Flow.git",
      "state" : {
        "revision" : "c8e85a78385b221387efeca125ee51e36898873b",
        "version" : "2.6.0"
      }
    }
  ],
  "version" : 3
}
