{
  "originHash" : "fa32f889e0f25b94e82978e375d934583be777cf88c200aad6008063458c6b61",
  "pins" : [
    {
      "identity" : "swiftui-flow",
      "kind" : "remoteSourceControl",
      "location" : "https://github.com/tevelee/SwiftUI-Flow.git",
      "state" : {
        "revision" : "6dc1e0b452432976c27221d28de136fbb6cee56a",
        "version" : "3.1.0"
      }
    }
  ],
  "version" : 3
}
